
Microsoft Visual Studio Solution File, Format Version 12.00
# Visual Studio 14
VisualStudioVersion = 14.0.22823.1
MinimumVisualStudioVersion = 10.0.40219.1
Project("{FAE04EC0-301F-11D3-BF4B-00C04F79EFBC}") = "PowerPoint.AddIn", "PowerPoint.AddIn\PowerPoint.AddIn.csproj", "{66BB454B-2888-474D-B9E7-6330D86B8B41}"
EndProject
Global
	GlobalSection(SolutionConfigurationPlatforms) = preSolution
		Debug|Any CPU = Debug|Any CPU
		Release|Any CPU = Release|Any CPU
	EndGlobalSection
	GlobalSection(ProjectConfigurationPlatforms) = postSolution
		{66BB454B-2888-474D-B9E7-6330D86B8B41}.Debug|Any CPU.ActiveCfg = Debug|Any CPU
		{66BB454B-2888-474D-B9E7-6330D86B8B41}.Debug|Any CPU.Build.0 = Debug|Any CPU
		{66BB454B-2888-474D-B9E7-6330D86B8B41}.Release|Any CPU.ActiveCfg = Release|Any CPU
		{66BB454B-2888-474D-B9E7-6330D86B8B41}.Release|Any CPU.Build.0 = Release|Any CPU
	EndGlobalSection
	GlobalSection(SolutionProperties) = preSolution
		HideSolutionNode = FALSE
	EndGlobalSection
EndGlobal
